# THIS IS AN AUTOGENERATED FILE. DO NOT EDIT THIS FILE DIRECTLY.
# yarn lockfile v1


"babel-polyfill@^6.16.0":
  "integrity" "sha1-LUUCHfh+JqN0ttTRqcZZZNF/JCI="
  "resolved" "https://registry.npmjs.org/babel-polyfill/-/babel-polyfill-6.16.0.tgz"
  "version" "6.16.0"
  dependencies:
    "babel-runtime" "^6.9.1"
    "core-js" "^2.4.0"
    "regenerator-runtime" "^0.9.5"

"babel-runtime@^6.9.1":
  "integrity" "sha1-D0F3/9mEku8Tufgj6ZlKAlhMkHg="
  "resolved" "https://registry.npmjs.org/babel-runtime/-/babel-runtime-6.18.0.tgz"
  "version" "6.18.0"
  dependencies:
    "core-js" "^2.4.0"
    "regenerator-runtime" "^0.9.5"

"balajs@^0.1.9":
  "integrity" "sha1-4D0eb7iNU8waJZGnv+xw0eUtjwA="
  "resolved" "https://registry.npmjs.org/balajs/-/balajs-0.1.9.tgz"
  "version" "0.1.9"

"bootstrap@^4.0.0-alpha.5":
  "integrity" "sha1-oSa2SMO9L1K4+tS7xeLQrSq/cGQ="
  "resolved" "https://registry.npmjs.org/bootstrap/-/bootstrap-4.0.0-alpha.5.tgz"
  "version" "4.0.0-alpha.5"
  dependencies:
    "jquery" "1.9.1 - 3"
    "tether" "^1.3.7"

"codemirror@^5.20.2":
  "integrity" "sha1-kY4OzpbVepkDCy+LMwEShL7VIXo="
  "resolved" "https://registry.npmjs.org/codemirror/-/codemirror-5.20.2.tgz"
  "version" "5.20.2"

"core-js@^2.4.0":
  "integrity" "sha1-TekR5mew6ukSTjQlS1OupvxhjT4="
  "resolved" "https://registry.npmjs.org/core-js/-/core-js-2.4.1.tgz"
  "version" "2.4.1"

"jquery@1.9.1 - 3":
  "integrity" "sha1-NHwcIcfgBBFeCk2jLOzgQfrTyKM="
  "resolved" "https://registry.npmjs.org/jquery/-/jquery-3.1.1.tgz"
  "version" "3.1.1"

"matreshka-binder-codemirror@0.0.4":
  "integrity" "sha1-6b2VkUeXHbsCPBcd5ntuXOiOMMU="
  "resolved" "https://registry.npmjs.org/matreshka-binder-codemirror/-/matreshka-binder-codemirror-0.0.4.tgz"
  "version" "0.0.4"

"matreshka-parse-form@0.0.2":
  "integrity" "sha1-sC8Xrz59G+VldutKQ8+mwyAlyw0="
  "resolved" "https://registry.npmjs.org/matreshka-parse-form/-/matreshka-parse-form-0.0.2.tgz"
  "version" "0.0.2"
  dependencies:
    "balajs" "^0.1.9"

"matreshka@^2.0.1", "matreshka@2.x":
  "integrity" "sha1-epgL+HTYPs4tGn343VcveC1xNTI="
  "resolved" "https://registry.npmjs.org/matreshka/-/matreshka-2.1.0.tgz"
  "version" "2.1.0"

"regenerator-runtime@^0.9.5":
  "integrity" "sha1-0z65XQ0gAaS+OWWXB8UbDLcc4Ck="
  "resolved" "https://registry.npmjs.org/regenerator-runtime/-/regenerator-runtime-0.9.6.tgz"
  "version" "0.9.6"

"skeleton-css@^2.0.4":
  "integrity" "sha1-1w2y8B/oIJrHny9O7oP66KQFkbg="
  "resolved" "https://registry.npmjs.org/skeleton-css/-/skeleton-css-2.0.4.tgz"
  "version" "2.0.4"

"tether@^1.3.7":
  "integrity" "sha1-ZVeBBHQWlPlnLICOrgSpra57AwQ="
  "resolved" "https://registry.npmjs.org/tether/-/tether-1.3.7.tgz"
  "version" "1.3.7"

"valid-url@^1.0.9":
  "integrity" "sha1-HBRHm0DxOXp1eC8RXkCGRHQzogA="
  "resolved" "https://registry.npmjs.org/valid-url/-/valid-url-1.0.9.tgz"
  "version" "1.0.9"
