# THIS IS AN AUTOGENERATED FILE. DO NOT EDIT THIS FILE DIRECTLY.
# yarn lockfile v1
babel-polyfill@^6.16.0:
  version "6.16.0"
  resolved "https://registry.yarnpkg.com/babel-polyfill/-/babel-polyfill-6.16.0.tgz#2d45021df87e26a374b6d4d1a9c65964d17f2422"
  dependencies:
    babel-runtime "^6.9.1"
    core-js "^2.4.0"
    regenerator-runtime "^0.9.5"

babel-runtime@^6.9.1:
  version "6.18.0"
  resolved "https://registry.yarnpkg.com/babel-runtime/-/babel-runtime-6.18.0.tgz#0f4177ffd98492ef13b9f823e9994a02584c9078"
  dependencies:
    core-js "^2.4.0"
    regenerator-runtime "^0.9.5"

balajs@^0.1.9:
  version "0.1.9"
  resolved "https://registry.yarnpkg.com/balajs/-/balajs-0.1.9.tgz#e03d1e6fb88d53cc1a2591a7bfec70d1e52d8f00"

bootstrap@^4.0.0-alpha.5:
  version "4.0.0-alpha.5"
  resolved "https://registry.yarnpkg.com/bootstrap/-/bootstrap-4.0.0-alpha.5.tgz#a126b648c3bd2f52b8fad4bbc5e2d0ad2abf7064"
  dependencies:
    jquery "1.9.1 - 3"
    tether "^1.3.7"

codemirror@^5.20.2:
  version "5.20.2"
  resolved "https://registry.yarnpkg.com/codemirror/-/codemirror-5.20.2.tgz#918e0ece96d57a99030b2f8b33011284bed5217a"

core-js@^2.4.0:
  version "2.4.1"
  resolved "https://registry.yarnpkg.com/core-js/-/core-js-2.4.1.tgz#4de911e667b0eae9124e34254b53aea6fc618d3e"

"jquery@1.9.1 - 3":
  version "3.1.1"
  resolved "https://registry.yarnpkg.com/jquery/-/jquery-3.1.1.tgz#347c1c21c7e004115e0a4da32cece041fad3c8a3"

matreshka-binder-codemirror@0.0.4:
  version "0.0.4"
  resolved "https://registry.yarnpkg.com/matreshka-binder-codemirror/-/matreshka-binder-codemirror-0.0.4.tgz#e9bd959147971dbb023c171de67b6e5ce88e30c5"

matreshka-parse-form@0.0.2:
  version "0.0.2"
  resolved "https://registry.yarnpkg.com/matreshka-parse-form/-/matreshka-parse-form-0.0.2.tgz#b02f17af3e7d1be56576eb4a43cfa6c32025cb0d"
  dependencies:
    balajs "^0.1.9"

matreshka@^2.0.1:
  version "2.1.0"
  resolved "https://registry.yarnpkg.com/matreshka/-/matreshka-2.1.0.tgz#7a980bf874d83ece2d1a7df8dd572f782d713532"

regenerator-runtime@^0.9.5:
  version "0.9.6"
  resolved "https://registry.yarnpkg.com/regenerator-runtime/-/regenerator-runtime-0.9.6.tgz#d33eb95d0d2001a4be39659707c51b0cb71ce029"

skeleton-css@^2.0.4:
  version "2.0.4"
  resolved "https://registry.yarnpkg.com/skeleton-css/-/skeleton-css-2.0.4.tgz#d70db2f01fe8209ac79f2f4eee83fae8a40591b8"

tether@^1.3.7:
  version "1.3.7"
  resolved "https://registry.yarnpkg.com/tether/-/tether-1.3.7.tgz#65578104741694f9672c808eae04a9adae7b0304"

valid-url:
  version "1.0.9"
  resolved "https://registry.yarnpkg.com/valid-url/-/valid-url-1.0.9.tgz#1c14479b40f1397a75782f115e4086447433a200"

